
Microsoft Visual Studio Solution File, Format Version 11.00
# Visual C++ Express 2010
Project("{8BC9CEB8-8B4A-11D0-8D11-00A0C91BC942}") = "Geis.Win32", "Geis.Win32\Geis.Win32.vcxproj", "{6E4196F6-9CC4-4BDE-9E6E-C9CD28F43A52}"
EndProject
Global
	GlobalSection(SolutionConfigurationPlatforms) = preSolution
		Debug|Win32 = Debug|Win32
		Release|Win32 = Release|Win32
	EndGlobalSection
	GlobalSection(ProjectConfigurationPlatforms) = postSolution
		{6E4196F6-9CC4-4BDE-9E6E-C9CD28F43A52}.Debug|Win32.ActiveCfg = Debug|Win32
		{6E4196F6-9CC4-4BDE-9E6E-C9CD28F43A52}.Debug|Win32.Build.0 = Debug|Win32
		{6E4196F6-9CC4-4BDE-9E6E-C9CD28F43A52}.Release|Win32.ActiveCfg = Release|Win32
		{6E4196F6-9CC4-4BDE-9E6E-C9CD28F43A52}.Release|Win32.Build.0 = Release|Win32
	EndGlobalSection
	GlobalSection(SolutionProperties) = preSolution
		HideSolutionNode = FALSE
	EndGlobalSection
EndGlobal
